
Microsoft Visual Studio Solution File, Format Version 12.00
# Visual Studio Version 17
VisualStudioVersion = 17.13.35919.96 d17.13
MinimumVisualStudioVersion = 10.0.40219.1
Project("{FAE04EC0-301F-11D3-BF4B-00C04F79EFBC}") = "Laboratory Activity 2", "Laboratory Activity 2.csproj", "{D463EB8C-6938-46EA-BF83-0E41069E758E}"
EndProject
Global
	GlobalSection(SolutionConfigurationPlatforms) = preSolution
		Debug|Any CPU = Debug|Any CPU
		Release|Any CPU = Release|Any CPU
	EndGlobalSection
	GlobalSection(ProjectConfigurationPlatforms) = postSolution
		{D463EB8C-6938-46EA-BF83-0E41069E758E}.Debug|Any CPU.ActiveCfg = Debug|Any CPU
		{D463EB8C-6938-46EA-BF83-0E41069E758E}.Debug|Any CPU.Build.0 = Debug|Any CPU
		{D463EB8C-6938-46EA-BF83-0E41069E758E}.Release|Any CPU.ActiveCfg = Release|Any CPU
		{D463EB8C-6938-46EA-BF83-0E41069E758E}.Release|Any CPU.Build.0 = Release|Any CPU
	EndGlobalSection
	GlobalSection(SolutionProperties) = preSolution
		HideSolutionNode = FALSE
	EndGlobalSection
	GlobalSection(ExtensibilityGlobals) = postSolution
		SolutionGuid = {BE56AB77-B05F-4DEE-988A-14F4A7921356}
	EndGlobalSection
EndGlobal
